
Microsoft Visual Studio Solution File, Format Version 12.00
# Visual Studio Version 17
VisualStudioVersion = 17.9.34701.34
MinimumVisualStudioVersion = 10.0.40219.1
Project("{FAE04EC0-301F-11D3-BF4B-00C04F79EFBC}") = "TeaPartyHorror_Game", "TeaPartyHorror_Game\TeaPartyHorror_Game.csproj", "{28CA82E6-C268-4C6B-B8D0-93C2AD1450D7}"
EndProject
Global
	GlobalSection(SolutionConfigurationPlatforms) = preSolution
		Debug|Any CPU = Debug|Any CPU
		Release|Any CPU = Release|Any CPU
	EndGlobalSection
	GlobalSection(ProjectConfigurationPlatforms) = postSolution
		{28CA82E6-C268-4C6B-B8D0-93C2AD1450D7}.Debug|Any CPU.ActiveCfg = Debug|Any CPU
		{28CA82E6-C268-4C6B-B8D0-93C2AD1450D7}.Debug|Any CPU.Build.0 = Debug|Any CPU
		{28CA82E6-C268-4C6B-B8D0-93C2AD1450D7}.Release|Any CPU.ActiveCfg = Release|Any CPU
		{28CA82E6-C268-4C6B-B8D0-93C2AD1450D7}.Release|Any CPU.Build.0 = Release|Any CPU
	EndGlobalSection
	GlobalSection(SolutionProperties) = preSolution
		HideSolutionNode = FALSE
	EndGlobalSection
	GlobalSection(ExtensibilityGlobals) = postSolution
		SolutionGuid = {E0ABDCDD-89BB-41BA-92B6-E4380BC9AC9B}
	EndGlobalSection
EndGlobal
